
Microsoft Visual Studio Solution File, Format Version 12.00
# Visual Studio Version 17
VisualStudioVersion = 17.9.34622.214
MinimumVisualStudioVersion = 10.0.40219.1
Project("{8BC9CEB8-8B4A-11D0-8D11-00A0C91BC942}") = "veri_yapıları_son", "veri_yapıları_son.vcxproj", "{CEF93293-9800-4A2B-BA89-0BD991CEB13B}"
EndProject
Global
	GlobalSection(SolutionConfigurationPlatforms) = preSolution
		Debug|x64 = Debug|x64
		Debug|x86 = Debug|x86
		Release|x64 = Release|x64
		Release|x86 = Release|x86
	EndGlobalSection
	GlobalSection(ProjectConfigurationPlatforms) = postSolution
		{CEF93293-9800-4A2B-BA89-0BD991CEB13B}.Debug|x64.ActiveCfg = Debug|x64
		{CEF93293-9800-4A2B-BA89-0BD991CEB13B}.Debug|x64.Build.0 = Debug|x64
		{CEF93293-9800-4A2B-BA89-0BD991CEB13B}.Debug|x86.ActiveCfg = Debug|Win32
		{CEF93293-9800-4A2B-BA89-0BD991CEB13B}.Debug|x86.Build.0 = Debug|Win32
		{CEF93293-9800-4A2B-BA89-0BD991CEB13B}.Release|x64.ActiveCfg = Release|x64
		{CEF93293-9800-4A2B-BA89-0BD991CEB13B}.Release|x64.Build.0 = Release|x64
		{CEF93293-9800-4A2B-BA89-0BD991CEB13B}.Release|x86.ActiveCfg = Release|Win32
		{CEF93293-9800-4A2B-BA89-0BD991CEB13B}.Release|x86.Build.0 = Release|Win32
	EndGlobalSection
	GlobalSection(SolutionProperties) = preSolution
		HideSolutionNode = FALSE
	EndGlobalSection
	GlobalSection(ExtensibilityGlobals) = postSolution
		SolutionGuid = {79F01B0E-DB2A-43AB-A892-671E19DE9500}
	EndGlobalSection
EndGlobal
